
Microsoft Visual Studio Solution File, Format Version 12.00
# Visual Studio Version 17
VisualStudioVersion = 17.9.34723.18
MinimumVisualStudioVersion = 10.0.40219.1
Project("{FAE04EC0-301F-11D3-BF4B-00C04F79EFBC}") = "BANCOEMPLEOJAC.Modelo", "BANCOEMPLEOJAC.Modelo\BANCOEMPLEOJAC.Modelo.csproj", "{EC3E9BAF-E76F-4949-9097-3E962E114CD6}"
EndProject
Project("{FAE04EC0-301F-11D3-BF4B-00C04F79EFBC}") = "BANCOEMPLEOJAC.DTO", "BANCOEMPLEOJAC.DTO\BANCOEMPLEOJAC.DTO.csproj", "{FC6F0587-3076-4310-B9DB-997143F7B50E}"
EndProject
Project("{FAE04EC0-301F-11D3-BF4B-00C04F79EFBC}") = "BANCOEMPLEOJAC.Servicio", "BANCOEMPLEOJAC.Servicio\BANCOEMPLEOJAC.Servicio.csproj", "{1FB62F9B-CE12-468E-B04B-CF6B721B9DA7}"
EndProject
Project("{FAE04EC0-301F-11D3-BF4B-00C04F79EFBC}") = "BANCOEMPLEOJAC.Utilidades", "BANCOEMPLEOJAC.Utilidades\BANCOEMPLEOJAC.Utilidades.csproj", "{40BCAF49-B0C2-4634-85DB-86818A5BF801}"
EndProject
Project("{FAE04EC0-301F-11D3-BF4B-00C04F79EFBC}") = "BANCOEMPLEOJAC.Repositorio", "BANCOEMPLEOJAC.Repositorio\BANCOEMPLEOJAC.Repositorio.csproj", "{E40C1E80-9611-4815-A051-C887FAC9A1B6}"
EndProject
Project("{FAE04EC0-301F-11D3-BF4B-00C04F79EFBC}") = "BANCOEMPLEOJAC.API", "BANCOEMPLEOJAC.API\BANCOEMPLEOJAC.API.csproj", "{8AEAC7A6-5018-4058-9544-3ECF4D737169}"
EndProject
Project("{FAE04EC0-301F-11D3-BF4B-00C04F79EFBC}") = "BANCOEMPLEOJAC.WebAssembly", "BANCOEMPLEOJAC.WebAssembly\BANCOEMPLEOJAC.WebAssembly.csproj", "{E972EC23-EAA4-44A2-82FF-8A82AD9759C7}"
EndProject
Global
	GlobalSection(SolutionConfigurationPlatforms) = preSolution
		Debug|Any CPU = Debug|Any CPU
		Release|Any CPU = Release|Any CPU
	EndGlobalSection
	GlobalSection(ProjectConfigurationPlatforms) = postSolution
		{EC3E9BAF-E76F-4949-9097-3E962E114CD6}.Debug|Any CPU.ActiveCfg = Debug|Any CPU
		{EC3E9BAF-E76F-4949-9097-3E962E114CD6}.Debug|Any CPU.Build.0 = Debug|Any CPU
		{EC3E9BAF-E76F-4949-9097-3E962E114CD6}.Release|Any CPU.ActiveCfg = Release|Any CPU
		{EC3E9BAF-E76F-4949-9097-3E962E114CD6}.Release|Any CPU.Build.0 = Release|Any CPU
		{FC6F0587-3076-4310-B9DB-997143F7B50E}.Debug|Any CPU.ActiveCfg = Debug|Any CPU
		{FC6F0587-3076-4310-B9DB-997143F7B50E}.Debug|Any CPU.Build.0 = Debug|Any CPU
		{FC6F0587-3076-4310-B9DB-997143F7B50E}.Release|Any CPU.ActiveCfg = Release|Any CPU
		{FC6F0587-3076-4310-B9DB-997143F7B50E}.Release|Any CPU.Build.0 = Release|Any CPU
		{1FB62F9B-CE12-468E-B04B-CF6B721B9DA7}.Debug|Any CPU.ActiveCfg = Debug|Any CPU
		{1FB62F9B-CE12-468E-B04B-CF6B721B9DA7}.Debug|Any CPU.Build.0 = Debug|Any CPU
		{1FB62F9B-CE12-468E-B04B-CF6B721B9DA7}.Release|Any CPU.ActiveCfg = Release|Any CPU
		{1FB62F9B-CE12-468E-B04B-CF6B721B9DA7}.Release|Any CPU.Build.0 = Release|Any CPU
		{40BCAF49-B0C2-4634-85DB-86818A5BF801}.Debug|Any CPU.ActiveCfg = Debug|Any CPU
		{40BCAF49-B0C2-4634-85DB-86818A5BF801}.Debug|Any CPU.Build.0 = Debug|Any CPU
		{40BCAF49-B0C2-4634-85DB-86818A5BF801}.Release|Any CPU.ActiveCfg = Release|Any CPU
		{40BCAF49-B0C2-4634-85DB-86818A5BF801}.Release|Any CPU.Build.0 = Release|Any CPU
		{E40C1E80-9611-4815-A051-C887FAC9A1B6}.Debug|Any CPU.ActiveCfg = Debug|Any CPU
		{E40C1E80-9611-4815-A051-C887FAC9A1B6}.Debug|Any CPU.Build.0 = Debug|Any CPU
		{E40C1E80-9611-4815-A051-C887FAC9A1B6}.Release|Any CPU.ActiveCfg = Release|Any CPU
		{E40C1E80-9611-4815-A051-C887FAC9A1B6}.Release|Any CPU.Build.0 = Release|Any CPU
		{8AEAC7A6-5018-4058-9544-3ECF4D737169}.Debug|Any CPU.ActiveCfg = Debug|Any CPU
		{8AEAC7A6-5018-4058-9544-3ECF4D737169}.Debug|Any CPU.Build.0 = Debug|Any CPU
		{8AEAC7A6-5018-4058-9544-3ECF4D737169}.Release|Any CPU.ActiveCfg = Release|Any CPU
		{8AEAC7A6-5018-4058-9544-3ECF4D737169}.Release|Any CPU.Build.0 = Release|Any CPU
		{E972EC23-EAA4-44A2-82FF-8A82AD9759C7}.Debug|Any CPU.ActiveCfg = Debug|Any CPU
		{E972EC23-EAA4-44A2-82FF-8A82AD9759C7}.Debug|Any CPU.Build.0 = Debug|Any CPU
		{E972EC23-EAA4-44A2-82FF-8A82AD9759C7}.Release|Any CPU.ActiveCfg = Release|Any CPU
		{E972EC23-EAA4-44A2-82FF-8A82AD9759C7}.Release|Any CPU.Build.0 = Release|Any CPU
	EndGlobalSection
	GlobalSection(SolutionProperties) = preSolution
		HideSolutionNode = FALSE
	EndGlobalSection
	GlobalSection(ExtensibilityGlobals) = postSolution
		SolutionGuid = {BC7F0865-F98B-4FDD-A897-A11DC6B63D79}
	EndGlobalSection
EndGlobal
