
Microsoft Visual Studio Solution File, Format Version 12.00
# Visual Studio Version 17
VisualStudioVersion = 17.9.34607.119
MinimumVisualStudioVersion = 10.0.40219.1
Project("{FAE04EC0-301F-11D3-BF4B-00C04F79EFBC}") = "BANCOEMPLEOJAC.Modelo", "BANCOEMPLEOJAC.Modelo\BANCOEMPLEOJAC.Modelo.csproj", "{FAECE896-C0BC-4B68-BF10-F4C9C1ABA002}"
EndProject
Project("{FAE04EC0-301F-11D3-BF4B-00C04F79EFBC}") = "BANCOEMPLEOJAC.DTO", "BANCOEMPLEOJAC.DTO\BANCOEMPLEOJAC.DTO.csproj", "{7B292F01-EC62-4374-8A57-11DBA8FE5769}"
EndProject
Project("{FAE04EC0-301F-11D3-BF4B-00C04F79EFBC}") = "BANCOEMPLEOJAC.Servicio", "BANCOEMPLEOJAC.Servicio\BANCOEMPLEOJAC.Servicio.csproj", "{5B4A5A0D-5F0F-4736-B7E1-0E3AF0076C77}"
EndProject
Project("{FAE04EC0-301F-11D3-BF4B-00C04F79EFBC}") = "BANCOEMPLEOJAC.Utilidades", "BANCOEMPLEOJAC.Utilidades\BANCOEMPLEOJAC.Utilidades.csproj", "{972AD7E0-589F-4718-BBB4-DC838701E810}"
EndProject
Project("{FAE04EC0-301F-11D3-BF4B-00C04F79EFBC}") = "BANCOEMPLEOJAC.Repositorio", "BANCOEMPLEOJAC.Repositorio\BANCOEMPLEOJAC.Repositorio.csproj", "{CDC67C1D-C20C-4DAC-9A3B-2AE2CD91AE3D}"
EndProject
Project("{FAE04EC0-301F-11D3-BF4B-00C04F79EFBC}") = "BANCOEMPLEOJAC.API", "BANCOEMPLEOJAC.API\BANCOEMPLEOJAC.API.csproj", "{38C046F5-AF09-4F3B-B92C-B65D28D6A301}"
EndProject
Project("{FAE04EC0-301F-11D3-BF4B-00C04F79EFBC}") = "BANCOEMPLEOJAC.Webassembly", "BANCOEMPLEOJAC.Webassembly\BANCOEMPLEOJAC.Webassembly.csproj", "{B5EDB77F-EBDB-4BBD-824B-B7D49D95B64C}"
EndProject
Global
	GlobalSection(SolutionConfigurationPlatforms) = preSolution
		Debug|Any CPU = Debug|Any CPU
		Release|Any CPU = Release|Any CPU
	EndGlobalSection
	GlobalSection(ProjectConfigurationPlatforms) = postSolution
		{FAECE896-C0BC-4B68-BF10-F4C9C1ABA002}.Debug|Any CPU.ActiveCfg = Debug|Any CPU
		{FAECE896-C0BC-4B68-BF10-F4C9C1ABA002}.Debug|Any CPU.Build.0 = Debug|Any CPU
		{FAECE896-C0BC-4B68-BF10-F4C9C1ABA002}.Release|Any CPU.ActiveCfg = Release|Any CPU
		{FAECE896-C0BC-4B68-BF10-F4C9C1ABA002}.Release|Any CPU.Build.0 = Release|Any CPU
		{7B292F01-EC62-4374-8A57-11DBA8FE5769}.Debug|Any CPU.ActiveCfg = Debug|Any CPU
		{7B292F01-EC62-4374-8A57-11DBA8FE5769}.Debug|Any CPU.Build.0 = Debug|Any CPU
		{7B292F01-EC62-4374-8A57-11DBA8FE5769}.Release|Any CPU.ActiveCfg = Release|Any CPU
		{7B292F01-EC62-4374-8A57-11DBA8FE5769}.Release|Any CPU.Build.0 = Release|Any CPU
		{5B4A5A0D-5F0F-4736-B7E1-0E3AF0076C77}.Debug|Any CPU.ActiveCfg = Debug|Any CPU
		{5B4A5A0D-5F0F-4736-B7E1-0E3AF0076C77}.Debug|Any CPU.Build.0 = Debug|Any CPU
		{5B4A5A0D-5F0F-4736-B7E1-0E3AF0076C77}.Release|Any CPU.ActiveCfg = Release|Any CPU
		{5B4A5A0D-5F0F-4736-B7E1-0E3AF0076C77}.Release|Any CPU.Build.0 = Release|Any CPU
		{972AD7E0-589F-4718-BBB4-DC838701E810}.Debug|Any CPU.ActiveCfg = Debug|Any CPU
		{972AD7E0-589F-4718-BBB4-DC838701E810}.Debug|Any CPU.Build.0 = Debug|Any CPU
		{972AD7E0-589F-4718-BBB4-DC838701E810}.Release|Any CPU.ActiveCfg = Release|Any CPU
		{972AD7E0-589F-4718-BBB4-DC838701E810}.Release|Any CPU.Build.0 = Release|Any CPU
		{CDC67C1D-C20C-4DAC-9A3B-2AE2CD91AE3D}.Debug|Any CPU.ActiveCfg = Debug|Any CPU
		{CDC67C1D-C20C-4DAC-9A3B-2AE2CD91AE3D}.Debug|Any CPU.Build.0 = Debug|Any CPU
		{CDC67C1D-C20C-4DAC-9A3B-2AE2CD91AE3D}.Release|Any CPU.ActiveCfg = Release|Any CPU
		{CDC67C1D-C20C-4DAC-9A3B-2AE2CD91AE3D}.Release|Any CPU.Build.0 = Release|Any CPU
		{38C046F5-AF09-4F3B-B92C-B65D28D6A301}.Debug|Any CPU.ActiveCfg = Debug|Any CPU
		{38C046F5-AF09-4F3B-B92C-B65D28D6A301}.Debug|Any CPU.Build.0 = Debug|Any CPU
		{38C046F5-AF09-4F3B-B92C-B65D28D6A301}.Release|Any CPU.ActiveCfg = Release|Any CPU
		{38C046F5-AF09-4F3B-B92C-B65D28D6A301}.Release|Any CPU.Build.0 = Release|Any CPU
		{B5EDB77F-EBDB-4BBD-824B-B7D49D95B64C}.Debug|Any CPU.ActiveCfg = Debug|Any CPU
		{B5EDB77F-EBDB-4BBD-824B-B7D49D95B64C}.Debug|Any CPU.Build.0 = Debug|Any CPU
		{B5EDB77F-EBDB-4BBD-824B-B7D49D95B64C}.Release|Any CPU.ActiveCfg = Release|Any CPU
		{B5EDB77F-EBDB-4BBD-824B-B7D49D95B64C}.Release|Any CPU.Build.0 = Release|Any CPU
	EndGlobalSection
	GlobalSection(SolutionProperties) = preSolution
		HideSolutionNode = FALSE
	EndGlobalSection
	GlobalSection(ExtensibilityGlobals) = postSolution
		SolutionGuid = {E126C232-C92A-4582-B950-A1E5058B5907}
	EndGlobalSection
EndGlobal
