
Microsoft Visual Studio Solution File, Format Version 12.00
# Visual Studio Version 17
VisualStudioVersion = 17.9.34607.119
MinimumVisualStudioVersion = 10.0.40219.1
Project("{9A19103F-16F7-4668-BE54-9A1E7A4F7556}") = "BANCOEMPLEOJAC.Modelo", "BANCOEMPLEOJAC.MODELS\BANCOEMPLEOJAC.Modelo.csproj", "{A7F5554E-ECE8-4765-9C76-94077CD4E0F8}"
EndProject
Project("{9A19103F-16F7-4668-BE54-9A1E7A4F7556}") = "BANCOEMPLEOJAC.Repositorio", "BANCOEMPLEOJAC.REPOSITORIO\BANCOEMPLEOJAC.Repositorio.csproj", "{9E1C3830-4F9B-4AA2-93CA-63C55E553A74}"
EndProject
Project("{9A19103F-16F7-4668-BE54-9A1E7A4F7556}") = "BANCOEMPLEOJAC.Servicio", "BANCOEMPLEOJAC.Servicio\BANCOEMPLEOJAC.Servicio.csproj", "{4ACC3773-2593-45B1-A70E-D083192D3804}"
EndProject
Project("{9A19103F-16F7-4668-BE54-9A1E7A4F7556}") = "BANCOEMPLEOJAC.DTO", "BANCOEMPLEOJAC.DTO\BANCOEMPLEOJAC.DTO.csproj", "{0C742B0E-0C1C-4FF3-B3D4-68F47160FD36}"
EndProject
Project("{9A19103F-16F7-4668-BE54-9A1E7A4F7556}") = "BANCOEMPLEOJAC.Utilidades", "BANCOEMPLEOJAC.Utilidades\BANCOEMPLEOJAC.Utilidades.csproj", "{4B6D8026-C4D3-4C49-B782-AFFA39E6E7F8}"
EndProject
Project("{9A19103F-16F7-4668-BE54-9A1E7A4F7556}") = "BANCOEMPLEOJAC.API", "BANCOEMPLEOJAC.API\BANCOEMPLEOJAC.API.csproj", "{89FB9FC9-9B73-42AE-87A0-0510CD9A7EF4}"
EndProject
Project("{9A19103F-16F7-4668-BE54-9A1E7A4F7556}") = "BANCOEMPLEOJAC.WebAssembly", "BANCOEMPLEOJAC.WebAssembly\BANCOEMPLEOJAC.WebAssembly.csproj", "{94F936CA-A62C-41B7-9D9A-55B673BC5C87}"
EndProject
Global
	GlobalSection(SolutionConfigurationPlatforms) = preSolution
		Debug|Any CPU = Debug|Any CPU
		Release|Any CPU = Release|Any CPU
	EndGlobalSection
	GlobalSection(ProjectConfigurationPlatforms) = postSolution
		{A7F5554E-ECE8-4765-9C76-94077CD4E0F8}.Debug|Any CPU.ActiveCfg = Debug|Any CPU
		{A7F5554E-ECE8-4765-9C76-94077CD4E0F8}.Debug|Any CPU.Build.0 = Debug|Any CPU
		{A7F5554E-ECE8-4765-9C76-94077CD4E0F8}.Release|Any CPU.ActiveCfg = Release|Any CPU
		{A7F5554E-ECE8-4765-9C76-94077CD4E0F8}.Release|Any CPU.Build.0 = Release|Any CPU
		{9E1C3830-4F9B-4AA2-93CA-63C55E553A74}.Debug|Any CPU.ActiveCfg = Debug|Any CPU
		{9E1C3830-4F9B-4AA2-93CA-63C55E553A74}.Debug|Any CPU.Build.0 = Debug|Any CPU
		{9E1C3830-4F9B-4AA2-93CA-63C55E553A74}.Release|Any CPU.ActiveCfg = Release|Any CPU
		{9E1C3830-4F9B-4AA2-93CA-63C55E553A74}.Release|Any CPU.Build.0 = Release|Any CPU
		{4ACC3773-2593-45B1-A70E-D083192D3804}.Debug|Any CPU.ActiveCfg = Debug|Any CPU
		{4ACC3773-2593-45B1-A70E-D083192D3804}.Debug|Any CPU.Build.0 = Debug|Any CPU
		{4ACC3773-2593-45B1-A70E-D083192D3804}.Release|Any CPU.ActiveCfg = Release|Any CPU
		{4ACC3773-2593-45B1-A70E-D083192D3804}.Release|Any CPU.Build.0 = Release|Any CPU
		{0C742B0E-0C1C-4FF3-B3D4-68F47160FD36}.Debug|Any CPU.ActiveCfg = Debug|Any CPU
		{0C742B0E-0C1C-4FF3-B3D4-68F47160FD36}.Debug|Any CPU.Build.0 = Debug|Any CPU
		{0C742B0E-0C1C-4FF3-B3D4-68F47160FD36}.Release|Any CPU.ActiveCfg = Release|Any CPU
		{0C742B0E-0C1C-4FF3-B3D4-68F47160FD36}.Release|Any CPU.Build.0 = Release|Any CPU
		{4B6D8026-C4D3-4C49-B782-AFFA39E6E7F8}.Debug|Any CPU.ActiveCfg = Debug|Any CPU
		{4B6D8026-C4D3-4C49-B782-AFFA39E6E7F8}.Debug|Any CPU.Build.0 = Debug|Any CPU
		{4B6D8026-C4D3-4C49-B782-AFFA39E6E7F8}.Release|Any CPU.ActiveCfg = Release|Any CPU
		{4B6D8026-C4D3-4C49-B782-AFFA39E6E7F8}.Release|Any CPU.Build.0 = Release|Any CPU
		{89FB9FC9-9B73-42AE-87A0-0510CD9A7EF4}.Debug|Any CPU.ActiveCfg = Debug|Any CPU
		{89FB9FC9-9B73-42AE-87A0-0510CD9A7EF4}.Debug|Any CPU.Build.0 = Debug|Any CPU
		{89FB9FC9-9B73-42AE-87A0-0510CD9A7EF4}.Release|Any CPU.ActiveCfg = Release|Any CPU
		{89FB9FC9-9B73-42AE-87A0-0510CD9A7EF4}.Release|Any CPU.Build.0 = Release|Any CPU
		{94F936CA-A62C-41B7-9D9A-55B673BC5C87}.Debug|Any CPU.ActiveCfg = Debug|Any CPU
		{94F936CA-A62C-41B7-9D9A-55B673BC5C87}.Debug|Any CPU.Build.0 = Debug|Any CPU
		{94F936CA-A62C-41B7-9D9A-55B673BC5C87}.Release|Any CPU.ActiveCfg = Release|Any CPU
		{94F936CA-A62C-41B7-9D9A-55B673BC5C87}.Release|Any CPU.Build.0 = Release|Any CPU
	EndGlobalSection
	GlobalSection(SolutionProperties) = preSolution
		HideSolutionNode = FALSE
	EndGlobalSection
	GlobalSection(ExtensibilityGlobals) = postSolution
		SolutionGuid = {ACFF76A6-38A2-4169-BDD7-EB9AFFADEEEE}
	EndGlobalSection
EndGlobal
