
Microsoft Visual Studio Solution File, Format Version 12.00
# Visual Studio Version 17
VisualStudioVersion = 17.9.34607.119
MinimumVisualStudioVersion = 10.0.40219.1
Project("{FAE04EC0-301F-11D3-BF4B-00C04F79EFBC}") = "BANCOEMPLEOJAC.Modelo", "BANCOEMPLEOJAC.Modelo\BANCOEMPLEOJAC.Modelo.csproj", "{C91F3D87-FABC-4D99-8890-B77FD889C4F2}"
EndProject
Project("{FAE04EC0-301F-11D3-BF4B-00C04F79EFBC}") = "BANCOEMPLEOJAC.DTO", "BANCOEMPLEOJAC.DTO\BANCOEMPLEOJAC.DTO.csproj", "{E0D7563B-25F7-497F-A679-2E6A5C152679}"
EndProject
Project("{FAE04EC0-301F-11D3-BF4B-00C04F79EFBC}") = "BANCOEMPLEOJAC.Servicio", "BANCOEMPLEOJAC.Servicio\BANCOEMPLEOJAC.Servicio.csproj", "{AD5198D3-BD69-44B9-B626-6186B06E7F46}"
EndProject
Project("{FAE04EC0-301F-11D3-BF4B-00C04F79EFBC}") = "BANCOEMPLEOJAC.Repositorio", "BANCOEMPLEOJAC.Repositorio\BANCOEMPLEOJAC.Repositorio.csproj", "{ABAB7E1E-F3D5-4664-8EAC-B040FDFFC5B3}"
EndProject
Project("{FAE04EC0-301F-11D3-BF4B-00C04F79EFBC}") = "BANCOEMPLEOJAC.Utilidades", "BANCOEMPLEOJAC.Utilidades\BANCOEMPLEOJAC.Utilidades.csproj", "{83B0CC74-BEBD-4190-B807-D346B2F6C555}"
EndProject
Project("{FAE04EC0-301F-11D3-BF4B-00C04F79EFBC}") = "BANCOEMPLEOJAC.API", "BANCOEMPLEOJAC.API\BANCOEMPLEOJAC.API.csproj", "{42B8FDDC-DAE8-431A-8544-FD8CD7819791}"
EndProject
Project("{FAE04EC0-301F-11D3-BF4B-00C04F79EFBC}") = "BANCOEMPLEOJAC.WebAssembly", "BANCOEMPLEOJAC.WebAssembly\BANCOEMPLEOJAC.WebAssembly.csproj", "{2915E66C-3769-4DA1-99B1-F68E887D580C}"
EndProject
Global
	GlobalSection(SolutionConfigurationPlatforms) = preSolution
		Debug|Any CPU = Debug|Any CPU
		Release|Any CPU = Release|Any CPU
	EndGlobalSection
	GlobalSection(ProjectConfigurationPlatforms) = postSolution
		{C91F3D87-FABC-4D99-8890-B77FD889C4F2}.Debug|Any CPU.ActiveCfg = Debug|Any CPU
		{C91F3D87-FABC-4D99-8890-B77FD889C4F2}.Debug|Any CPU.Build.0 = Debug|Any CPU
		{C91F3D87-FABC-4D99-8890-B77FD889C4F2}.Release|Any CPU.ActiveCfg = Release|Any CPU
		{C91F3D87-FABC-4D99-8890-B77FD889C4F2}.Release|Any CPU.Build.0 = Release|Any CPU
		{E0D7563B-25F7-497F-A679-2E6A5C152679}.Debug|Any CPU.ActiveCfg = Debug|Any CPU
		{E0D7563B-25F7-497F-A679-2E6A5C152679}.Debug|Any CPU.Build.0 = Debug|Any CPU
		{E0D7563B-25F7-497F-A679-2E6A5C152679}.Release|Any CPU.ActiveCfg = Release|Any CPU
		{E0D7563B-25F7-497F-A679-2E6A5C152679}.Release|Any CPU.Build.0 = Release|Any CPU
		{AD5198D3-BD69-44B9-B626-6186B06E7F46}.Debug|Any CPU.ActiveCfg = Debug|Any CPU
		{AD5198D3-BD69-44B9-B626-6186B06E7F46}.Debug|Any CPU.Build.0 = Debug|Any CPU
		{AD5198D3-BD69-44B9-B626-6186B06E7F46}.Release|Any CPU.ActiveCfg = Release|Any CPU
		{AD5198D3-BD69-44B9-B626-6186B06E7F46}.Release|Any CPU.Build.0 = Release|Any CPU
		{ABAB7E1E-F3D5-4664-8EAC-B040FDFFC5B3}.Debug|Any CPU.ActiveCfg = Debug|Any CPU
		{ABAB7E1E-F3D5-4664-8EAC-B040FDFFC5B3}.Debug|Any CPU.Build.0 = Debug|Any CPU
		{ABAB7E1E-F3D5-4664-8EAC-B040FDFFC5B3}.Release|Any CPU.ActiveCfg = Release|Any CPU
		{ABAB7E1E-F3D5-4664-8EAC-B040FDFFC5B3}.Release|Any CPU.Build.0 = Release|Any CPU
		{83B0CC74-BEBD-4190-B807-D346B2F6C555}.Debug|Any CPU.ActiveCfg = Debug|Any CPU
		{83B0CC74-BEBD-4190-B807-D346B2F6C555}.Debug|Any CPU.Build.0 = Debug|Any CPU
		{83B0CC74-BEBD-4190-B807-D346B2F6C555}.Release|Any CPU.ActiveCfg = Release|Any CPU
		{83B0CC74-BEBD-4190-B807-D346B2F6C555}.Release|Any CPU.Build.0 = Release|Any CPU
		{42B8FDDC-DAE8-431A-8544-FD8CD7819791}.Debug|Any CPU.ActiveCfg = Debug|Any CPU
		{42B8FDDC-DAE8-431A-8544-FD8CD7819791}.Debug|Any CPU.Build.0 = Debug|Any CPU
		{42B8FDDC-DAE8-431A-8544-FD8CD7819791}.Release|Any CPU.ActiveCfg = Release|Any CPU
		{42B8FDDC-DAE8-431A-8544-FD8CD7819791}.Release|Any CPU.Build.0 = Release|Any CPU
		{2915E66C-3769-4DA1-99B1-F68E887D580C}.Debug|Any CPU.ActiveCfg = Debug|Any CPU
		{2915E66C-3769-4DA1-99B1-F68E887D580C}.Debug|Any CPU.Build.0 = Debug|Any CPU
		{2915E66C-3769-4DA1-99B1-F68E887D580C}.Release|Any CPU.ActiveCfg = Release|Any CPU
		{2915E66C-3769-4DA1-99B1-F68E887D580C}.Release|Any CPU.Build.0 = Release|Any CPU
	EndGlobalSection
	GlobalSection(SolutionProperties) = preSolution
		HideSolutionNode = FALSE
	EndGlobalSection
	GlobalSection(ExtensibilityGlobals) = postSolution
		SolutionGuid = {4F232743-D68C-4A63-9B14-4C53858BA56B}
	EndGlobalSection
EndGlobal
