
Microsoft Visual Studio Solution File, Format Version 12.00
# Visual Studio Version 17
VisualStudioVersion = 17.9.34607.119
MinimumVisualStudioVersion = 10.0.40219.1
Project("{9A19103F-16F7-4668-BE54-9A1E7A4F7556}") = "BANCOEMPLEOJAC.Modelo", "BANCOEMPLEOJAC.Modelo\BANCOEMPLEOJAC.Modelo.csproj", "{2947366F-5520-4CC8-B7CD-8B1851321AFA}"
EndProject
Project("{9A19103F-16F7-4668-BE54-9A1E7A4F7556}") = "BANCOEMPLEOJAC.DTO", "BANCOEMPLEOJAC.DTO\BANCOEMPLEOJAC.DTO.csproj", "{785A1B36-20F0-42EF-B541-350B351C0B2F}"
EndProject
Project("{9A19103F-16F7-4668-BE54-9A1E7A4F7556}") = "BANCOEMPLEOJAC.Servicio", "BANCOEMPLEOJAC.Servicio\BANCOEMPLEOJAC.Servicio.csproj", "{11834AFE-3327-420F-ACE4-9FE16136DB33}"
EndProject
Project("{9A19103F-16F7-4668-BE54-9A1E7A4F7556}") = "BANCOEMPLEOJAC.Repositorio", "BANCOEMPLEOJAC.Repositorio\BANCOEMPLEOJAC.Repositorio.csproj", "{31EEAD71-8CB0-4D04-827A-189DF6A9080F}"
EndProject
Project("{9A19103F-16F7-4668-BE54-9A1E7A4F7556}") = "BANCOEMPLEOJAC.Utilidades", "BANCOEMPLEOJAC.Utilidades\BANCOEMPLEOJAC.Utilidades.csproj", "{41226EA4-3871-4D58-851E-FF480AC9CCC9}"
EndProject
Project("{9A19103F-16F7-4668-BE54-9A1E7A4F7556}") = "BANCOEMPLEOJAC.API", "BANCOEMPLEOJAC.API\BANCOEMPLEOJAC.API.csproj", "{BFDCDCF4-82D9-4C20-8121-B0DF11CF89B7}"
EndProject
Project("{9A19103F-16F7-4668-BE54-9A1E7A4F7556}") = "BANCOEMPLEOJAC.WebAssembly", "BANCOEMPLEOJAC.WebAssembly\BANCOEMPLEOJAC.WebAssembly.csproj", "{B1A23FE6-F883-4BC4-BC3D-D2A925C51637}"
EndProject
Global
	GlobalSection(SolutionConfigurationPlatforms) = preSolution
		Debug|Any CPU = Debug|Any CPU
		Release|Any CPU = Release|Any CPU
	EndGlobalSection
	GlobalSection(ProjectConfigurationPlatforms) = postSolution
		{2947366F-5520-4CC8-B7CD-8B1851321AFA}.Debug|Any CPU.ActiveCfg = Debug|Any CPU
		{2947366F-5520-4CC8-B7CD-8B1851321AFA}.Debug|Any CPU.Build.0 = Debug|Any CPU
		{2947366F-5520-4CC8-B7CD-8B1851321AFA}.Release|Any CPU.ActiveCfg = Release|Any CPU
		{2947366F-5520-4CC8-B7CD-8B1851321AFA}.Release|Any CPU.Build.0 = Release|Any CPU
		{785A1B36-20F0-42EF-B541-350B351C0B2F}.Debug|Any CPU.ActiveCfg = Debug|Any CPU
		{785A1B36-20F0-42EF-B541-350B351C0B2F}.Debug|Any CPU.Build.0 = Debug|Any CPU
		{785A1B36-20F0-42EF-B541-350B351C0B2F}.Release|Any CPU.ActiveCfg = Release|Any CPU
		{785A1B36-20F0-42EF-B541-350B351C0B2F}.Release|Any CPU.Build.0 = Release|Any CPU
		{11834AFE-3327-420F-ACE4-9FE16136DB33}.Debug|Any CPU.ActiveCfg = Debug|Any CPU
		{11834AFE-3327-420F-ACE4-9FE16136DB33}.Debug|Any CPU.Build.0 = Debug|Any CPU
		{11834AFE-3327-420F-ACE4-9FE16136DB33}.Release|Any CPU.ActiveCfg = Release|Any CPU
		{11834AFE-3327-420F-ACE4-9FE16136DB33}.Release|Any CPU.Build.0 = Release|Any CPU
		{31EEAD71-8CB0-4D04-827A-189DF6A9080F}.Debug|Any CPU.ActiveCfg = Debug|Any CPU
		{31EEAD71-8CB0-4D04-827A-189DF6A9080F}.Debug|Any CPU.Build.0 = Debug|Any CPU
		{31EEAD71-8CB0-4D04-827A-189DF6A9080F}.Release|Any CPU.ActiveCfg = Release|Any CPU
		{31EEAD71-8CB0-4D04-827A-189DF6A9080F}.Release|Any CPU.Build.0 = Release|Any CPU
		{41226EA4-3871-4D58-851E-FF480AC9CCC9}.Debug|Any CPU.ActiveCfg = Debug|Any CPU
		{41226EA4-3871-4D58-851E-FF480AC9CCC9}.Debug|Any CPU.Build.0 = Debug|Any CPU
		{41226EA4-3871-4D58-851E-FF480AC9CCC9}.Release|Any CPU.ActiveCfg = Release|Any CPU
		{41226EA4-3871-4D58-851E-FF480AC9CCC9}.Release|Any CPU.Build.0 = Release|Any CPU
		{BFDCDCF4-82D9-4C20-8121-B0DF11CF89B7}.Debug|Any CPU.ActiveCfg = Debug|Any CPU
		{BFDCDCF4-82D9-4C20-8121-B0DF11CF89B7}.Debug|Any CPU.Build.0 = Debug|Any CPU
		{BFDCDCF4-82D9-4C20-8121-B0DF11CF89B7}.Release|Any CPU.ActiveCfg = Release|Any CPU
		{BFDCDCF4-82D9-4C20-8121-B0DF11CF89B7}.Release|Any CPU.Build.0 = Release|Any CPU
		{B1A23FE6-F883-4BC4-BC3D-D2A925C51637}.Debug|Any CPU.ActiveCfg = Debug|Any CPU
		{B1A23FE6-F883-4BC4-BC3D-D2A925C51637}.Debug|Any CPU.Build.0 = Debug|Any CPU
		{B1A23FE6-F883-4BC4-BC3D-D2A925C51637}.Release|Any CPU.ActiveCfg = Release|Any CPU
		{B1A23FE6-F883-4BC4-BC3D-D2A925C51637}.Release|Any CPU.Build.0 = Release|Any CPU
	EndGlobalSection
	GlobalSection(SolutionProperties) = preSolution
		HideSolutionNode = FALSE
	EndGlobalSection
	GlobalSection(ExtensibilityGlobals) = postSolution
		SolutionGuid = {A8185535-5A8D-46BC-976A-AB25BD3240F4}
	EndGlobalSection
EndGlobal
