
Microsoft Visual Studio Solution File, Format Version 12.00
# Visual Studio Version 17
VisualStudioVersion = 17.9.34607.119
MinimumVisualStudioVersion = 10.0.40219.1
Project("{9A19103F-16F7-4668-BE54-9A1E7A4F7556}") = "BANCOEMPLEOJAC.REPOSITORIO", "BANCOEMPLEOJAC.REPOSITORIO\BANCOEMPLEOJAC.REPOSITORIO.csproj", "{4B87B3B7-FBFA-4B9B-8215-8CF06A461EB3}"
EndProject
Project("{9A19103F-16F7-4668-BE54-9A1E7A4F7556}") = "BANCOEMPLEOJAC.SERVICIO", "BANCOEMPLEOJAC.SERVICIO\BANCOEMPLEOJAC.SERVICIO.csproj", "{A51F0072-508C-43A4-87C3-7FB72A1A9017}"
EndProject
Project("{9A19103F-16F7-4668-BE54-9A1E7A4F7556}") = "BANCOEMPLEOJAC.DTO", "BANCOEMPLEOJAC.DTO\BANCOEMPLEOJAC.DTO.csproj", "{7F047765-B1A2-4BAE-B211-5A96E49FB231}"
EndProject
Project("{9A19103F-16F7-4668-BE54-9A1E7A4F7556}") = "BANCOEMPLEOJAC.UTILIDADES", "BANCOEMPLEOJAC.UTILIDADES\BANCOEMPLEOJAC.UTILIDADES.csproj", "{3BF52D02-B117-4F95-AE5C-08F5DD5A2A88}"
EndProject
Project("{9A19103F-16F7-4668-BE54-9A1E7A4F7556}") = "BANCOEMPLEOJAC.API", "BANCOEMPLEOJAC.API\BANCOEMPLEOJAC.API.csproj", "{FDBF4B4C-7A00-452F-B6E9-B22C4019BD07}"
EndProject
Project("{9A19103F-16F7-4668-BE54-9A1E7A4F7556}") = "BANCOEMPLEOJAC.WEBASSEMBLY", "BANCOEMPLEOJAC.WEBASSEMBLY\BANCOEMPLEOJAC.WEBASSEMBLY.csproj", "{F1384368-2897-412E-8CD4-BE195885F723}"
EndProject
Project("{FAE04EC0-301F-11D3-BF4B-00C04F79EFBC}") = "BANCOEMPLEOJAC.MODELO", "BANCOEMPLEOJAC.MODELO\BANCOEMPLEOJAC.MODELO.csproj", "{DEAA1943-8104-452F-A1ED-4A4C0385ECDA}"
EndProject
Global
	GlobalSection(SolutionConfigurationPlatforms) = preSolution
		Debug|Any CPU = Debug|Any CPU
		Release|Any CPU = Release|Any CPU
	EndGlobalSection
	GlobalSection(ProjectConfigurationPlatforms) = postSolution
		{4B87B3B7-FBFA-4B9B-8215-8CF06A461EB3}.Debug|Any CPU.ActiveCfg = Debug|Any CPU
		{4B87B3B7-FBFA-4B9B-8215-8CF06A461EB3}.Debug|Any CPU.Build.0 = Debug|Any CPU
		{4B87B3B7-FBFA-4B9B-8215-8CF06A461EB3}.Release|Any CPU.ActiveCfg = Release|Any CPU
		{4B87B3B7-FBFA-4B9B-8215-8CF06A461EB3}.Release|Any CPU.Build.0 = Release|Any CPU
		{A51F0072-508C-43A4-87C3-7FB72A1A9017}.Debug|Any CPU.ActiveCfg = Debug|Any CPU
		{A51F0072-508C-43A4-87C3-7FB72A1A9017}.Debug|Any CPU.Build.0 = Debug|Any CPU
		{A51F0072-508C-43A4-87C3-7FB72A1A9017}.Release|Any CPU.ActiveCfg = Release|Any CPU
		{A51F0072-508C-43A4-87C3-7FB72A1A9017}.Release|Any CPU.Build.0 = Release|Any CPU
		{7F047765-B1A2-4BAE-B211-5A96E49FB231}.Debug|Any CPU.ActiveCfg = Debug|Any CPU
		{7F047765-B1A2-4BAE-B211-5A96E49FB231}.Debug|Any CPU.Build.0 = Debug|Any CPU
		{7F047765-B1A2-4BAE-B211-5A96E49FB231}.Release|Any CPU.ActiveCfg = Release|Any CPU
		{7F047765-B1A2-4BAE-B211-5A96E49FB231}.Release|Any CPU.Build.0 = Release|Any CPU
		{3BF52D02-B117-4F95-AE5C-08F5DD5A2A88}.Debug|Any CPU.ActiveCfg = Debug|Any CPU
		{3BF52D02-B117-4F95-AE5C-08F5DD5A2A88}.Debug|Any CPU.Build.0 = Debug|Any CPU
		{3BF52D02-B117-4F95-AE5C-08F5DD5A2A88}.Release|Any CPU.ActiveCfg = Release|Any CPU
		{3BF52D02-B117-4F95-AE5C-08F5DD5A2A88}.Release|Any CPU.Build.0 = Release|Any CPU
		{FDBF4B4C-7A00-452F-B6E9-B22C4019BD07}.Debug|Any CPU.ActiveCfg = Debug|Any CPU
		{FDBF4B4C-7A00-452F-B6E9-B22C4019BD07}.Debug|Any CPU.Build.0 = Debug|Any CPU
		{FDBF4B4C-7A00-452F-B6E9-B22C4019BD07}.Release|Any CPU.ActiveCfg = Release|Any CPU
		{FDBF4B4C-7A00-452F-B6E9-B22C4019BD07}.Release|Any CPU.Build.0 = Release|Any CPU
		{F1384368-2897-412E-8CD4-BE195885F723}.Debug|Any CPU.ActiveCfg = Debug|Any CPU
		{F1384368-2897-412E-8CD4-BE195885F723}.Debug|Any CPU.Build.0 = Debug|Any CPU
		{F1384368-2897-412E-8CD4-BE195885F723}.Release|Any CPU.ActiveCfg = Release|Any CPU
		{F1384368-2897-412E-8CD4-BE195885F723}.Release|Any CPU.Build.0 = Release|Any CPU
		{DEAA1943-8104-452F-A1ED-4A4C0385ECDA}.Debug|Any CPU.ActiveCfg = Debug|Any CPU
		{DEAA1943-8104-452F-A1ED-4A4C0385ECDA}.Debug|Any CPU.Build.0 = Debug|Any CPU
		{DEAA1943-8104-452F-A1ED-4A4C0385ECDA}.Release|Any CPU.ActiveCfg = Release|Any CPU
		{DEAA1943-8104-452F-A1ED-4A4C0385ECDA}.Release|Any CPU.Build.0 = Release|Any CPU
	EndGlobalSection
	GlobalSection(SolutionProperties) = preSolution
		HideSolutionNode = FALSE
	EndGlobalSection
	GlobalSection(ExtensibilityGlobals) = postSolution
		SolutionGuid = {FE8E31B4-9B3D-45EE-8B1B-FBD249054327}
	EndGlobalSection
EndGlobal
