
Microsoft Visual Studio Solution File, Format Version 12.00
# Visual Studio Version 17
VisualStudioVersion = 17.9.34607.119
MinimumVisualStudioVersion = 10.0.40219.1
Project("{9A19103F-16F7-4668-BE54-9A1E7A4F7556}") = "BANCOEMPLEOJAC.Modelo", "BANCOEMPLEOJAC.Modelo\BANCOEMPLEOJAC.Modelo.csproj", "{E6895893-DFCA-4427-B3FE-71911A4A893D}"
EndProject
Project("{9A19103F-16F7-4668-BE54-9A1E7A4F7556}") = "BANCOEMPLEOJAC.DTO", "BANCOEMPLEOJAC.DTO\BANCOEMPLEOJAC.DTO.csproj", "{9F8E5F2A-0B09-4385-9232-F7AEDFB1C3D2}"
EndProject
Project("{9A19103F-16F7-4668-BE54-9A1E7A4F7556}") = "BANCOEMPLEOJAC.Servicio", "BANCOEMPLEOJAC.Servicio\BANCOEMPLEOJAC.Servicio.csproj", "{90C9C0AF-DACF-4917-99C2-457013340EC7}"
EndProject
Project("{9A19103F-16F7-4668-BE54-9A1E7A4F7556}") = "BANCOEMPLEOJAC.Repositorio", "BANCOEMPLEOJAC.Repositorio\BANCOEMPLEOJAC.Repositorio.csproj", "{15F0F1BF-36FB-4974-873F-582F80CB32EC}"
EndProject
Project("{9A19103F-16F7-4668-BE54-9A1E7A4F7556}") = "BANCOEMPLEOJAC.Utilidades", "BANCOEMPLEOJAC.Utilidades\BANCOEMPLEOJAC.Utilidades.csproj", "{6012A422-2861-417C-AA1A-CDF11F6FD8FC}"
EndProject
Project("{9A19103F-16F7-4668-BE54-9A1E7A4F7556}") = "BANCOEMPLEOJAC.API", "BANCOEMPLEOJAC.API\BANCOEMPLEOJAC.API.csproj", "{17811F54-6278-4525-97A4-975E5A356459}"
EndProject
Project("{9A19103F-16F7-4668-BE54-9A1E7A4F7556}") = "BANCOEMPLEOJAC.WebAssembly", "BANCOEMPLEOJAC.WebAssembly\BANCOEMPLEOJAC.WebAssembly.csproj", "{5271C7AD-6D15-4A94-BC5A-5E44CA2129B8}"
EndProject
Global
	GlobalSection(SolutionConfigurationPlatforms) = preSolution
		Debug|Any CPU = Debug|Any CPU
		Release|Any CPU = Release|Any CPU
	EndGlobalSection
	GlobalSection(ProjectConfigurationPlatforms) = postSolution
		{E6895893-DFCA-4427-B3FE-71911A4A893D}.Debug|Any CPU.ActiveCfg = Debug|Any CPU
		{E6895893-DFCA-4427-B3FE-71911A4A893D}.Debug|Any CPU.Build.0 = Debug|Any CPU
		{E6895893-DFCA-4427-B3FE-71911A4A893D}.Release|Any CPU.ActiveCfg = Release|Any CPU
		{E6895893-DFCA-4427-B3FE-71911A4A893D}.Release|Any CPU.Build.0 = Release|Any CPU
		{9F8E5F2A-0B09-4385-9232-F7AEDFB1C3D2}.Debug|Any CPU.ActiveCfg = Debug|Any CPU
		{9F8E5F2A-0B09-4385-9232-F7AEDFB1C3D2}.Debug|Any CPU.Build.0 = Debug|Any CPU
		{9F8E5F2A-0B09-4385-9232-F7AEDFB1C3D2}.Release|Any CPU.ActiveCfg = Release|Any CPU
		{9F8E5F2A-0B09-4385-9232-F7AEDFB1C3D2}.Release|Any CPU.Build.0 = Release|Any CPU
		{90C9C0AF-DACF-4917-99C2-457013340EC7}.Debug|Any CPU.ActiveCfg = Debug|Any CPU
		{90C9C0AF-DACF-4917-99C2-457013340EC7}.Debug|Any CPU.Build.0 = Debug|Any CPU
		{90C9C0AF-DACF-4917-99C2-457013340EC7}.Release|Any CPU.ActiveCfg = Release|Any CPU
		{90C9C0AF-DACF-4917-99C2-457013340EC7}.Release|Any CPU.Build.0 = Release|Any CPU
		{15F0F1BF-36FB-4974-873F-582F80CB32EC}.Debug|Any CPU.ActiveCfg = Debug|Any CPU
		{15F0F1BF-36FB-4974-873F-582F80CB32EC}.Debug|Any CPU.Build.0 = Debug|Any CPU
		{15F0F1BF-36FB-4974-873F-582F80CB32EC}.Release|Any CPU.ActiveCfg = Release|Any CPU
		{15F0F1BF-36FB-4974-873F-582F80CB32EC}.Release|Any CPU.Build.0 = Release|Any CPU
		{6012A422-2861-417C-AA1A-CDF11F6FD8FC}.Debug|Any CPU.ActiveCfg = Debug|Any CPU
		{6012A422-2861-417C-AA1A-CDF11F6FD8FC}.Debug|Any CPU.Build.0 = Debug|Any CPU
		{6012A422-2861-417C-AA1A-CDF11F6FD8FC}.Release|Any CPU.ActiveCfg = Release|Any CPU
		{6012A422-2861-417C-AA1A-CDF11F6FD8FC}.Release|Any CPU.Build.0 = Release|Any CPU
		{17811F54-6278-4525-97A4-975E5A356459}.Debug|Any CPU.ActiveCfg = Debug|Any CPU
		{17811F54-6278-4525-97A4-975E5A356459}.Debug|Any CPU.Build.0 = Debug|Any CPU
		{17811F54-6278-4525-97A4-975E5A356459}.Release|Any CPU.ActiveCfg = Release|Any CPU
		{17811F54-6278-4525-97A4-975E5A356459}.Release|Any CPU.Build.0 = Release|Any CPU
		{5271C7AD-6D15-4A94-BC5A-5E44CA2129B8}.Debug|Any CPU.ActiveCfg = Debug|Any CPU
		{5271C7AD-6D15-4A94-BC5A-5E44CA2129B8}.Debug|Any CPU.Build.0 = Debug|Any CPU
		{5271C7AD-6D15-4A94-BC5A-5E44CA2129B8}.Release|Any CPU.ActiveCfg = Release|Any CPU
		{5271C7AD-6D15-4A94-BC5A-5E44CA2129B8}.Release|Any CPU.Build.0 = Release|Any CPU
	EndGlobalSection
	GlobalSection(SolutionProperties) = preSolution
		HideSolutionNode = FALSE
	EndGlobalSection
	GlobalSection(ExtensibilityGlobals) = postSolution
		SolutionGuid = {6986030A-BAD7-4E84-99F6-C21A26A65044}
	EndGlobalSection
EndGlobal
