
Microsoft Visual Studio Solution File, Format Version 12.00
# Visual Studio Version 17
VisualStudioVersion = 17.9.34607.119
MinimumVisualStudioVersion = 10.0.40219.1
Project("{FAE04EC0-301F-11D3-BF4B-00C04F79EFBC}") = "BANCOEMPLEOJAC.MODELO", "BANCOEMPLEOJAC.MODELO\BANCOEMPLEOJAC.MODELO.csproj", "{2BA51BA4-D220-4ECE-BB68-893EBD22779E}"
EndProject
Project("{FAE04EC0-301F-11D3-BF4B-00C04F79EFBC}") = "BANCOEMPLEOJAC.DTO", "BANCOEMPLEOJAC.DTO\BANCOEMPLEOJAC.DTO.csproj", "{09D1F404-603E-4D8F-8C3C-552B9C3CEE03}"
EndProject
Project("{FAE04EC0-301F-11D3-BF4B-00C04F79EFBC}") = "BANCOEMPLEOJAC.REPOSITORIO", "BANCOEMPLEOJAC.REPOSITORIO\BANCOEMPLEOJAC.REPOSITORIO.csproj", "{EC86B65B-39E2-44BB-AB96-C12DBDF3D42E}"
EndProject
Project("{FAE04EC0-301F-11D3-BF4B-00C04F79EFBC}") = "BANCOEMPLEOJAC.UTILIDADES", "BANCOEMPLEOJAC.UTILIDADES\BANCOEMPLEOJAC.UTILIDADES.csproj", "{3D9CE539-1D2F-4F4A-9B66-979FC82C8422}"
EndProject
Project("{FAE04EC0-301F-11D3-BF4B-00C04F79EFBC}") = "BANCOEMPLEOJAC.SERVICIO", "BANCOEMPLEOJAC.SERVICIO\BANCOEMPLEOJAC.SERVICIO.csproj", "{830C5257-1945-4043-AB49-BC0DA43E03C6}"
EndProject
Project("{FAE04EC0-301F-11D3-BF4B-00C04F79EFBC}") = "BANCOEMPLEOJAC.API", "BANCOEMPLEOJAC.API\BANCOEMPLEOJAC.API.csproj", "{889FA9F1-D988-49F0-AB4D-6728896F1CF4}"
EndProject
Project("{FAE04EC0-301F-11D3-BF4B-00C04F79EFBC}") = "BANCOEMPLEOJAC.WEBASSEMBLY", "BANCOEMPLEOJAC.WEBASSEMBLY\BANCOEMPLEOJAC.WEBASSEMBLY.csproj", "{AF6D4C29-E879-4E72-83AB-62EF3F5BCC31}"
EndProject
Global
	GlobalSection(SolutionConfigurationPlatforms) = preSolution
		Debug|Any CPU = Debug|Any CPU
		Release|Any CPU = Release|Any CPU
	EndGlobalSection
	GlobalSection(ProjectConfigurationPlatforms) = postSolution
		{2BA51BA4-D220-4ECE-BB68-893EBD22779E}.Debug|Any CPU.ActiveCfg = Debug|Any CPU
		{2BA51BA4-D220-4ECE-BB68-893EBD22779E}.Debug|Any CPU.Build.0 = Debug|Any CPU
		{2BA51BA4-D220-4ECE-BB68-893EBD22779E}.Release|Any CPU.ActiveCfg = Release|Any CPU
		{2BA51BA4-D220-4ECE-BB68-893EBD22779E}.Release|Any CPU.Build.0 = Release|Any CPU
		{09D1F404-603E-4D8F-8C3C-552B9C3CEE03}.Debug|Any CPU.ActiveCfg = Debug|Any CPU
		{09D1F404-603E-4D8F-8C3C-552B9C3CEE03}.Debug|Any CPU.Build.0 = Debug|Any CPU
		{09D1F404-603E-4D8F-8C3C-552B9C3CEE03}.Release|Any CPU.ActiveCfg = Release|Any CPU
		{09D1F404-603E-4D8F-8C3C-552B9C3CEE03}.Release|Any CPU.Build.0 = Release|Any CPU
		{EC86B65B-39E2-44BB-AB96-C12DBDF3D42E}.Debug|Any CPU.ActiveCfg = Debug|Any CPU
		{EC86B65B-39E2-44BB-AB96-C12DBDF3D42E}.Debug|Any CPU.Build.0 = Debug|Any CPU
		{EC86B65B-39E2-44BB-AB96-C12DBDF3D42E}.Release|Any CPU.ActiveCfg = Release|Any CPU
		{EC86B65B-39E2-44BB-AB96-C12DBDF3D42E}.Release|Any CPU.Build.0 = Release|Any CPU
		{3D9CE539-1D2F-4F4A-9B66-979FC82C8422}.Debug|Any CPU.ActiveCfg = Debug|Any CPU
		{3D9CE539-1D2F-4F4A-9B66-979FC82C8422}.Debug|Any CPU.Build.0 = Debug|Any CPU
		{3D9CE539-1D2F-4F4A-9B66-979FC82C8422}.Release|Any CPU.ActiveCfg = Release|Any CPU
		{3D9CE539-1D2F-4F4A-9B66-979FC82C8422}.Release|Any CPU.Build.0 = Release|Any CPU
		{830C5257-1945-4043-AB49-BC0DA43E03C6}.Debug|Any CPU.ActiveCfg = Debug|Any CPU
		{830C5257-1945-4043-AB49-BC0DA43E03C6}.Debug|Any CPU.Build.0 = Debug|Any CPU
		{830C5257-1945-4043-AB49-BC0DA43E03C6}.Release|Any CPU.ActiveCfg = Release|Any CPU
		{830C5257-1945-4043-AB49-BC0DA43E03C6}.Release|Any CPU.Build.0 = Release|Any CPU
		{889FA9F1-D988-49F0-AB4D-6728896F1CF4}.Debug|Any CPU.ActiveCfg = Debug|Any CPU
		{889FA9F1-D988-49F0-AB4D-6728896F1CF4}.Debug|Any CPU.Build.0 = Debug|Any CPU
		{889FA9F1-D988-49F0-AB4D-6728896F1CF4}.Release|Any CPU.ActiveCfg = Release|Any CPU
		{889FA9F1-D988-49F0-AB4D-6728896F1CF4}.Release|Any CPU.Build.0 = Release|Any CPU
		{AF6D4C29-E879-4E72-83AB-62EF3F5BCC31}.Debug|Any CPU.ActiveCfg = Debug|Any CPU
		{AF6D4C29-E879-4E72-83AB-62EF3F5BCC31}.Debug|Any CPU.Build.0 = Debug|Any CPU
		{AF6D4C29-E879-4E72-83AB-62EF3F5BCC31}.Release|Any CPU.ActiveCfg = Release|Any CPU
		{AF6D4C29-E879-4E72-83AB-62EF3F5BCC31}.Release|Any CPU.Build.0 = Release|Any CPU
	EndGlobalSection
	GlobalSection(SolutionProperties) = preSolution
		HideSolutionNode = FALSE
	EndGlobalSection
	GlobalSection(ExtensibilityGlobals) = postSolution
		SolutionGuid = {E59FEAD3-133C-4F4A-861F-169776A1A98C}
	EndGlobalSection
EndGlobal
