
Microsoft Visual Studio Solution File, Format Version 12.00
# Visual Studio Version 17
VisualStudioVersion = 17.9.34607.119
MinimumVisualStudioVersion = 10.0.40219.1
Project("{9A19103F-16F7-4668-BE54-9A1E7A4F7556}") = "BANCOEMPLEOJAC.Modelo", "BANCOEMPLEOJAC.Modelo\BANCOEMPLEOJAC.Modelo.csproj", "{A02442A2-DB9E-4635-8E3B-738154925AB0}"
EndProject
Project("{9A19103F-16F7-4668-BE54-9A1E7A4F7556}") = "BANCOEMPLEOJAC.DTO", "BANCOEMPLEOJAC.DTO\BANCOEMPLEOJAC.DTO.csproj", "{2A4A83E4-4B85-4B89-B241-63ED2442C9B0}"
EndProject
Project("{9A19103F-16F7-4668-BE54-9A1E7A4F7556}") = "BANCOEMPLEOJAC.Utilidades", "BANCOEMPLEOJAC.Utilidades\BANCOEMPLEOJAC.Utilidades.csproj", "{76BA4B22-DC49-41C1-9E49-0CA7FE22389E}"
EndProject
Project("{9A19103F-16F7-4668-BE54-9A1E7A4F7556}") = "BANCOEMPLEOJAC.Repositorio", "BANCOEMPLEOJAC.Repositorio\BANCOEMPLEOJAC.Repositorio.csproj", "{AF318A87-6806-41D5-9D9D-9FDF61A7D760}"
EndProject
Project("{9A19103F-16F7-4668-BE54-9A1E7A4F7556}") = "BANCOEMPLEOJAC.Servicio", "BANCOEMPLEOJAC.Servicio\BANCOEMPLEOJAC.Servicio.csproj", "{77B495CF-877C-4078-895F-C86353503BE1}"
EndProject
Project("{9A19103F-16F7-4668-BE54-9A1E7A4F7556}") = "BANCOEMPLEOJAC.WebAssembly", "BANCOEMPLEOJAC.WebAssembly\BANCOEMPLEOJAC.WebAssembly.csproj", "{3E0C6780-2E14-4F12-BAF5-2ACD1D3626A5}"
EndProject
Project("{9A19103F-16F7-4668-BE54-9A1E7A4F7556}") = "BANCOEMPLEOJAC.API", "BANCOEMPLEOJAC.API\BANCOEMPLEOJAC.API.csproj", "{BE2A6D99-8E6F-4FF4-A32B-B04A788F85C6}"
EndProject
Global
	GlobalSection(SolutionConfigurationPlatforms) = preSolution
		Debug|Any CPU = Debug|Any CPU
		Release|Any CPU = Release|Any CPU
	EndGlobalSection
	GlobalSection(ProjectConfigurationPlatforms) = postSolution
		{A02442A2-DB9E-4635-8E3B-738154925AB0}.Debug|Any CPU.ActiveCfg = Debug|Any CPU
		{A02442A2-DB9E-4635-8E3B-738154925AB0}.Debug|Any CPU.Build.0 = Debug|Any CPU
		{A02442A2-DB9E-4635-8E3B-738154925AB0}.Release|Any CPU.ActiveCfg = Release|Any CPU
		{A02442A2-DB9E-4635-8E3B-738154925AB0}.Release|Any CPU.Build.0 = Release|Any CPU
		{2A4A83E4-4B85-4B89-B241-63ED2442C9B0}.Debug|Any CPU.ActiveCfg = Debug|Any CPU
		{2A4A83E4-4B85-4B89-B241-63ED2442C9B0}.Debug|Any CPU.Build.0 = Debug|Any CPU
		{2A4A83E4-4B85-4B89-B241-63ED2442C9B0}.Release|Any CPU.ActiveCfg = Release|Any CPU
		{2A4A83E4-4B85-4B89-B241-63ED2442C9B0}.Release|Any CPU.Build.0 = Release|Any CPU
		{76BA4B22-DC49-41C1-9E49-0CA7FE22389E}.Debug|Any CPU.ActiveCfg = Debug|Any CPU
		{76BA4B22-DC49-41C1-9E49-0CA7FE22389E}.Debug|Any CPU.Build.0 = Debug|Any CPU
		{76BA4B22-DC49-41C1-9E49-0CA7FE22389E}.Release|Any CPU.ActiveCfg = Release|Any CPU
		{76BA4B22-DC49-41C1-9E49-0CA7FE22389E}.Release|Any CPU.Build.0 = Release|Any CPU
		{AF318A87-6806-41D5-9D9D-9FDF61A7D760}.Debug|Any CPU.ActiveCfg = Debug|Any CPU
		{AF318A87-6806-41D5-9D9D-9FDF61A7D760}.Debug|Any CPU.Build.0 = Debug|Any CPU
		{AF318A87-6806-41D5-9D9D-9FDF61A7D760}.Release|Any CPU.ActiveCfg = Release|Any CPU
		{AF318A87-6806-41D5-9D9D-9FDF61A7D760}.Release|Any CPU.Build.0 = Release|Any CPU
		{77B495CF-877C-4078-895F-C86353503BE1}.Debug|Any CPU.ActiveCfg = Debug|Any CPU
		{77B495CF-877C-4078-895F-C86353503BE1}.Debug|Any CPU.Build.0 = Debug|Any CPU
		{77B495CF-877C-4078-895F-C86353503BE1}.Release|Any CPU.ActiveCfg = Release|Any CPU
		{77B495CF-877C-4078-895F-C86353503BE1}.Release|Any CPU.Build.0 = Release|Any CPU
		{3E0C6780-2E14-4F12-BAF5-2ACD1D3626A5}.Debug|Any CPU.ActiveCfg = Debug|Any CPU
		{3E0C6780-2E14-4F12-BAF5-2ACD1D3626A5}.Debug|Any CPU.Build.0 = Debug|Any CPU
		{3E0C6780-2E14-4F12-BAF5-2ACD1D3626A5}.Release|Any CPU.ActiveCfg = Release|Any CPU
		{3E0C6780-2E14-4F12-BAF5-2ACD1D3626A5}.Release|Any CPU.Build.0 = Release|Any CPU
		{BE2A6D99-8E6F-4FF4-A32B-B04A788F85C6}.Debug|Any CPU.ActiveCfg = Debug|Any CPU
		{BE2A6D99-8E6F-4FF4-A32B-B04A788F85C6}.Debug|Any CPU.Build.0 = Debug|Any CPU
		{BE2A6D99-8E6F-4FF4-A32B-B04A788F85C6}.Release|Any CPU.ActiveCfg = Release|Any CPU
		{BE2A6D99-8E6F-4FF4-A32B-B04A788F85C6}.Release|Any CPU.Build.0 = Release|Any CPU
	EndGlobalSection
	GlobalSection(SolutionProperties) = preSolution
		HideSolutionNode = FALSE
	EndGlobalSection
	GlobalSection(ExtensibilityGlobals) = postSolution
		SolutionGuid = {E150C2F9-7D9C-469C-B5B6-6DE796D69170}
	EndGlobalSection
EndGlobal
